// !$*UTF8*$!
{
	archiveVersion = 1;
	classes = {
	};
	objectVersion = 46;
	objects = {

/* Begin PBXBuildFile section */
		21A1D994177F46B4006D8CEA /* Foundation.framework in Frameworks */ = {isa = PBXBuildFile; fileRef = 21A1D993177F46B4006D8CEA /* Foundation.framework */; };
		21A1D996177F46B4006D8CEA /* CoreGraphics.framework in Frameworks */ = {isa = PBXBuildFile; fileRef = 21A1D995177F46B4006D8CEA /* CoreGraphics.framework */; };
		21A1D998177F46B4006D8CEA /* UIKit.framework in Frameworks */ = {isa = PBXBuildFile; fileRef = 21A1D997177F46B4006D8CEA /* UIKit.framework */; };
		21A1D99E177F46B4006D8CEA /* InfoPlist.strings in Resources */ = {isa = PBXBuildFile; fileRef = 21A1D99C177F46B4006D8CEA /* InfoPlist.strings */; };
		21A1D9A0177F46B4006D8CEA /* main.m in Sources */ = {isa = PBXBuildFile; fileRef = 21A1D99F177F46B4006D8CEA /* main.m */; };
		21A1D9A4177F46B4006D8CEA /* MPAppDelegate.m in Sources */ = {isa = PBXBuildFile; fileRef = 21A1D9A3177F46B4006D8CEA /* MPAppDelegate.m */; };
		21A1D9A7177F46B4006D8CEA /* Main_iPhone.storyboard in Resources */ = {isa = PBXBuildFile; fileRef = 21A1D9A5177F46B4006D8CEA /* Main_iPhone.storyboard */; };
		21A1D9AA177F46B4006D8CEA /* Main_iPad.storyboard in Resources */ = {isa = PBXBuildFile; fileRef = 21A1D9A8177F46B4006D8CEA /* Main_iPad.storyboard */; };
		21A1D9AD177F46B4006D8CEA /* MPViewController.m in Sources */ = {isa = PBXBuildFile; fileRef = 21A1D9AC177F46B4006D8CEA /* MPViewController.m */; };
		21A1D9AF177F46B4006D8CEA /* Images.xcassets in Resources */ = {isa = PBXBuildFile; fileRef = 21A1D9AE177F46B4006D8CEA /* Images.xcassets */; };
		21A1D9B6177F46B4006D8CEA /* XCTest.framework in Frameworks */ = {isa = PBXBuildFile; fileRef = 21A1D9B5177F46B4006D8CEA /* XCTest.framework */; };
		21A1D9B7177F46B4006D8CEA /* Foundation.framework in Frameworks */ = {isa = PBXBuildFile; fileRef = 21A1D993177F46B4006D8CEA /* Foundation.framework */; };
		21A1D9B8177F46B4006D8CEA /* UIKit.framework in Frameworks */ = {isa = PBXBuildFile; fileRef = 21A1D997177F46B4006D8CEA /* UIKit.framework */; };
		21A1D9C0177F46B4006D8CEA /* InfoPlist.strings in Resources */ = {isa = PBXBuildFile; fileRef = 21A1D9BE177F46B4006D8CEA /* InfoPlist.strings */; };
		21A1D9C2177F46B4006D8CEA /* MPFinanceSampleAppTests.m in Sources */ = {isa = PBXBuildFile; fileRef = 21A1D9C1177F46B4006D8CEA /* MPFinanceSampleAppTests.m */; };
		21A1D9E4177F4962006D8CEA /* MPFinanceUtilities.m in Sources */ = {isa = PBXBuildFile; fileRef = 21A1D9E3177F4962006D8CEA /* MPFinanceUtilities.m */; };
		21A1D9E5177F4962006D8CEA /* MPFinanceUtilities.m in Sources */ = {isa = PBXBuildFile; fileRef = 21A1D9E3177F4962006D8CEA /* MPFinanceUtilities.m */; };
/* End PBXBuildFile section */

/* Begin PBXContainerItemProxy section */
		21A1D9B9177F46B4006D8CEA /* PBXContainerItemProxy */ = {
			isa = PBXContainerItemProxy;
			containerPortal = 21A1D988177F46B4006D8CEA /* Project object */;
			proxyType = 1;
			remoteGlobalIDString = 21A1D98F177F46B4006D8CEA;
			remoteInfo = MPFinanceSampleApp;
		};
/* End PBXContainerItemProxy section */

/* Begin PBXFileReference section */
		21A1D990177F46B4006D8CEA /* MPFinanceSampleApp.app */ = {isa = PBXFileReference; explicitFileType = wrapper.application; includeInIndex = 0; path = MPFinanceSampleApp.app; sourceTree = BUILT_PRODUCTS_DIR; };
		21A1D993177F46B4006D8CEA /* Foundation.framework */ = {isa = PBXFileReference; lastKnownFileType = wrapper.framework; name = Foundation.framework; path = System/Library/Frameworks/Foundation.framework; sourceTree = SDKROOT; };
		21A1D995177F46B4006D8CEA /* CoreGraphics.framework */ = {isa = PBXFileReference; lastKnownFileType = wrapper.framework; name = CoreGraphics.framework; path = System/Library/Frameworks/CoreGraphics.framework; sourceTree = SDKROOT; };
		21A1D997177F46B4006D8CEA /* UIKit.framework */ = {isa = PBXFileReference; lastKnownFileType = wrapper.framework; name = UIKit.framework; path = System/Library/Frameworks/UIKit.framework; sourceTree = SDKROOT; };
		21A1D99B177F46B4006D8CEA /* MPFinanceSampleApp-Info.plist */ = {isa = PBXFileReference; lastKnownFileType = text.plist.xml; path = "MPFinanceSampleApp-Info.plist"; sourceTree = "<group>"; };
		21A1D99D177F46B4006D8CEA /* en */ = {isa = PBXFileReference; lastKnownFileType = text.plist.strings; name = en; path = en.lproj/InfoPlist.strings; sourceTree = "<group>"; };
		21A1D99F177F46B4006D8CEA /* main.m */ = {isa = PBXFileReference; lastKnownFileType = sourcecode.c.objc; path = main.m; sourceTree = "<group>"; };
		21A1D9A1177F46B4006D8CEA /* MPFinanceSampleApp-Prefix.pch */ = {isa = PBXFileReference; lastKnownFileType = sourcecode.c.h; path = "MPFinanceSampleApp-Prefix.pch"; sourceTree = "<group>"; };
		21A1D9A2177F46B4006D8CEA /* MPAppDelegate.h */ = {isa = PBXFileReference; lastKnownFileType = sourcecode.c.h; path = MPAppDelegate.h; sourceTree = "<group>"; };
		21A1D9A3177F46B4006D8CEA /* MPAppDelegate.m */ = {isa = PBXFileReference; lastKnownFileType = sourcecode.c.objc; path = MPAppDelegate.m; sourceTree = "<group>"; };
		21A1D9A6177F46B4006D8CEA /* Base */ = {isa = PBXFileReference; lastKnownFileType = file.storyboard; name = Base; path = Base.lproj/Main_iPhone.storyboard; sourceTree = "<group>"; };
		21A1D9A9177F46B4006D8CEA /* Base */ = {isa = PBXFileReference; lastKnownFileType = file.storyboard; name = Base; path = Base.lproj/Main_iPad.storyboard; sourceTree = "<group>"; };
		21A1D9AB177F46B4006D8CEA /* MPViewController.h */ = {isa = PBXFileReference; lastKnownFileType = sourcecode.c.h; path = MPViewController.h; sourceTree = "<group>"; };
		21A1D9AC177F46B4006D8CEA /* MPViewController.m */ = {isa = PBXFileReference; lastKnownFileType = sourcecode.c.objc; path = MPViewController.m; sourceTree = "<group>"; };
		21A1D9AE177F46B4006D8CEA /* Images.xcassets */ = {isa = PBXFileReference; lastKnownFileType = folder.assetcatalog; path = Images.xcassets; sourceTree = "<group>"; };
		21A1D9B4177F46B4006D8CEA /* MPFinanceSampleAppTests.xctest */ = {isa = PBXFileReference; explicitFileType = wrapper.cfbundle; includeInIndex = 0; path = MPFinanceSampleAppTests.xctest; sourceTree = BUILT_PRODUCTS_DIR; };
		21A1D9B5177F46B4006D8CEA /* XCTest.framework */ = {isa = PBXFileReference; lastKnownFileType = wrapper.framework; name = XCTest.framework; path = Library/Frameworks/XCTest.framework; sourceTree = DEVELOPER_DIR; };
		21A1D9BD177F46B4006D8CEA /* MPFinanceSampleAppTests-Info.plist */ = {isa = PBXFileReference; lastKnownFileType = text.plist.xml; path = "MPFinanceSampleAppTests-Info.plist"; sourceTree = "<group>"; };
		21A1D9BF177F46B4006D8CEA /* en */ = {isa = PBXFileReference; lastKnownFileType = text.plist.strings; name = en; path = en.lproj/InfoPlist.strings; sourceTree = "<group>"; };
		21A1D9C1177F46B4006D8CEA /* MPFinanceSampleAppTests.m */ = {isa = PBXFileReference; lastKnownFileType = sourcecode.c.objc; path = MPFinanceSampleAppTests.m; sourceTree = "<group>"; };
		21A1D9E2177F4962006D8CEA /* MPFinanceUtilities.h */ = {isa = PBXFileReference; fileEncoding = 4; lastKnownFileType = sourcecode.c.h; path = MPFinanceUtilities.h; sourceTree = "<group>"; };
		21A1D9E3177F4962006D8CEA /* MPFinanceUtilities.m */ = {isa = PBXFileReference; fileEncoding = 4; lastKnownFileType = sourcecode.c.objc; path = MPFinanceUtilities.m; sourceTree = "<group>"; };
/* End PBXFileReference section */

/* Begin PBXFrameworksBuildPhase section */
		21A1D98D177F46B4006D8CEA /* Frameworks */ = {
			isa = PBXFrameworksBuildPhase;
			buildActionMask = 2147483647;
			files = (
				21A1D996177F46B4006D8CEA /* CoreGraphics.framework in Frameworks */,
				21A1D998177F46B4006D8CEA /* UIKit.framework in Frameworks */,
				21A1D994177F46B4006D8CEA /* Foundation.framework in Frameworks */,
			);
			runOnlyForDeploymentPostprocessing = 0;
		};
		21A1D9B1177F46B4006D8CEA /* Frameworks */ = {
			isa = PBXFrameworksBuildPhase;
			buildActionMask = 2147483647;
			files = (
				21A1D9B6177F46B4006D8CEA /* XCTest.framework in Frameworks */,
				21A1D9B8177F46B4006D8CEA /* UIKit.framework in Frameworks */,
				21A1D9B7177F46B4006D8CEA /* Foundation.framework in Frameworks */,
			);
			runOnlyForDeploymentPostprocessing = 0;
		};
/* End PBXFrameworksBuildPhase section */

/* Begin PBXGroup section */
		21A1D987177F46B4006D8CEA = {
			isa = PBXGroup;
			children = (
				21A1D999177F46B4006D8CEA /* MPFinanceSampleApp */,
				21A1D9BB177F46B4006D8CEA /* MPFinanceSampleAppTests */,
				21A1D992177F46B4006D8CEA /* Frameworks */,
				21A1D991177F46B4006D8CEA /* Products */,
			);
			sourceTree = "<group>";
		};
		21A1D991177F46B4006D8CEA /* Products */ = {
			isa = PBXGroup;
			children = (
				21A1D990177F46B4006D8CEA /* MPFinanceSampleApp.app */,
				21A1D9B4177F46B4006D8CEA /* MPFinanceSampleAppTests.xctest */,
			);
			name = Products;
			sourceTree = "<group>";
		};
		21A1D992177F46B4006D8CEA /* Frameworks */ = {
			isa = PBXGroup;
			children = (
				21A1D993177F46B4006D8CEA /* Foundation.framework */,
				21A1D995177F46B4006D8CEA /* CoreGraphics.framework */,
				21A1D997177F46B4006D8CEA /* UIKit.framework */,
				21A1D9B5177F46B4006D8CEA /* XCTest.framework */,
			);
			name = Frameworks;
			sourceTree = "<group>";
		};
		21A1D999177F46B4006D8CEA /* MPFinanceSampleApp */ = {
			isa = PBXGroup;
			children = (
				21A1D9CB177F47A1006D8CEA /* MPFinance */,
				21A1D9A2177F46B4006D8CEA /* MPAppDelegate.h */,
				21A1D9A3177F46B4006D8CEA /* MPAppDelegate.m */,
				21A1D9A5177F46B4006D8CEA /* Main_iPhone.storyboard */,
				21A1D9A8177F46B4006D8CEA /* Main_iPad.storyboard */,
				21A1D9AB177F46B4006D8CEA /* MPViewController.h */,
				21A1D9AC177F46B4006D8CEA /* MPViewController.m */,
				21A1D9AE177F46B4006D8CEA /* Images.xcassets */,
				21A1D99A177F46B4006D8CEA /* Supporting Files */,
			);
			path = MPFinanceSampleApp;
			sourceTree = "<group>";
		};
		21A1D99A177F46B4006D8CEA /* Supporting Files */ = {
			isa = PBXGroup;
			children = (
				21A1D99B177F46B4006D8CEA /* MPFinanceSampleApp-Info.plist */,
				21A1D99C177F46B4006D8CEA /* InfoPlist.strings */,
				21A1D99F177F46B4006D8CEA /* main.m */,
				21A1D9A1177F46B4006D8CEA /* MPFinanceSampleApp-Prefix.pch */,
			);
			name = "Supporting Files";
			sourceTree = "<group>";
		};
		21A1D9BB177F46B4006D8CEA /* MPFinanceSampleAppTests */ = {
			isa = PBXGroup;
			children = (
				21A1D9C1177F46B4006D8CEA /* MPFinanceSampleAppTests.m */,
				21A1D9BC177F46B4006D8CEA /* Supporting Files */,
			);
			path = MPFinanceSampleAppTests;
			sourceTree = "<group>";
		};
		21A1D9BC177F46B4006D8CEA /* Supporting Files */ = {
			isa = PBXGroup;
			children = (
				21A1D9BD177F46B4006D8CEA /* MPFinanceSampleAppTests-Info.plist */,
				21A1D9BE177F46B4006D8CEA /* InfoPlist.strings */,
			);
			name = "Supporting Files";
			sourceTree = "<group>";
		};
		21A1D9CB177F47A1006D8CEA /* MPFinance */ = {
			isa = PBXGroup;
			children = (
				21A1D9E2177F4962006D8CEA /* MPFinanceUtilities.h */,
				21A1D9E3177F4962006D8CEA /* MPFinanceUtilities.m */,
			);
			name = MPFinance;
			path = ../../MPFinance;
			sourceTree = "<group>";
		};
/* End PBXGroup section */

/* Begin PBXNativeTarget section */
		21A1D98F177F46B4006D8CEA /* MPFinanceSampleApp */ = {
			isa = PBXNativeTarget;
			buildConfigurationList = 21A1D9C5177F46B4006D8CEA /* Build configuration list for PBXNativeTarget "MPFinanceSampleApp" */;
			buildPhases = (
				21A1D98C177F46B4006D8CEA /* Sources */,
				21A1D98D177F46B4006D8CEA /* Frameworks */,
				21A1D98E177F46B4006D8CEA /* Resources */,
			);
			buildRules = (
			);
			dependencies = (
			);
			name = MPFinanceSampleApp;
			productName = MPFinanceSampleApp;
			productReference = 21A1D990177F46B4006D8CEA /* MPFinanceSampleApp.app */;
			productType = "com.apple.product-type.application";
		};
		21A1D9B3177F46B4006D8CEA /* MPFinanceSampleAppTests */ = {
			isa = PBXNativeTarget;
			buildConfigurationList = 21A1D9C8177F46B4006D8CEA /* Build configuration list for PBXNativeTarget "MPFinanceSampleAppTests" */;
			buildPhases = (
				21A1D9B0177F46B4006D8CEA /* Sources */,
				21A1D9B1177F46B4006D8CEA /* Frameworks */,
				21A1D9B2177F46B4006D8CEA /* Resources */,
			);
			buildRules = (
			);
			dependencies = (
				21A1D9BA177F46B4006D8CEA /* PBXTargetDependency */,
			);
			name = MPFinanceSampleAppTests;
			productName = MPFinanceSampleAppTests;
			productReference = 21A1D9B4177F46B4006D8CEA /* MPFinanceSampleAppTests.xctest */;
			productType = "com.apple.product-type.bundle.unit-test";
		};
/* End PBXNativeTarget section */

/* Begin PBXProject section */
		21A1D988177F46B4006D8CEA /* Project object */ = {
			isa = PBXProject;
			attributes = {
				CLASSPREFIX = MP;
				LastUpgradeCheck = 0500;
				ORGANIZATIONNAME = "Michael Patzer";
				TargetAttributes = {
					21A1D9B3177F46B4006D8CEA = {
						TestTargetID = 21A1D98F177F46B4006D8CEA;
					};
				};
			};
			buildConfigurationList = 21A1D98B177F46B4006D8CEA /* Build configuration list for PBXProject "MPFinanceSampleApp" */;
			compatibilityVersion = "Xcode 3.2";
			developmentRegion = English;
			hasScannedForEncodings = 0;
			knownRegions = (
				en,
				Base,
			);
			mainGroup = 21A1D987177F46B4006D8CEA;
			productRefGroup = 21A1D991177F46B4006D8CEA /* Products */;
			projectDirPath = "";
			projectRoot = "";
			targets = (
				21A1D98F177F46B4006D8CEA /* MPFinanceSampleApp */,
				21A1D9B3177F46B4006D8CEA /* MPFinanceSampleAppTests */,
			);
		};
/* End PBXProject section */

/* Begin PBXResourcesBuildPhase section */
		21A1D98E177F46B4006D8CEA /* Resources */ = {
			isa = PBXResourcesBuildPhase;
			buildActionMask = 2147483647;
			files = (
				21A1D9AA177F46B4006D8CEA /* Main_iPad.storyboard in Resources */,
				21A1D9AF177F46B4006D8CEA /* Images.xcassets in Resources */,
				21A1D9A7177F46B4006D8CEA /* Main_iPhone.storyboard in Resources */,
				21A1D99E177F46B4006D8CEA /* InfoPlist.strings in Resources */,
			);
			runOnlyForDeploymentPostprocessing = 0;
		};
		21A1D9B2177F46B4006D8CEA /* Resources */ = {
			isa = PBXResourcesBuildPhase;
			buildActionMask = 2147483647;
			files = (
				21A1D9C0177F46B4006D8CEA /* InfoPlist.strings in Resources */,
			);
			runOnlyForDeploymentPostprocessing = 0;
		};
/* End PBXResourcesBuildPhase section */

/* Begin PBXSourcesBuildPhase section */
		21A1D98C177F46B4006D8CEA /* Sources */ = {
			isa = PBXSourcesBuildPhase;
			buildActionMask = 2147483647;
			files = (
				21A1D9A0177F46B4006D8CEA /* main.m in Sources */,
				21A1D9AD177F46B4006D8CEA /* MPViewController.m in Sources */,
				21A1D9E4177F4962006D8CEA /* MPFinanceUtilities.m in Sources */,
				21A1D9A4177F46B4006D8CEA /* MPAppDelegate.m in Sources */,
			);
			runOnlyForDeploymentPostprocessing = 0;
		};
		21A1D9B0177F46B4006D8CEA /* Sources */ = {
			isa = PBXSourcesBuildPhase;
			buildActionMask = 2147483647;
			files = (
				21A1D9C2177F46B4006D8CEA /* MPFinanceSampleAppTests.m in Sources */,
				21A1D9E5177F4962006D8CEA /* MPFinanceUtilities.m in Sources */,
			);
			runOnlyForDeploymentPostprocessing = 0;
		};
/* End PBXSourcesBuildPhase section */

/* Begin PBXTargetDependency section */
		21A1D9BA177F46B4006D8CEA /* PBXTargetDependency */ = {
			isa = PBXTargetDependency;
			target = 21A1D98F177F46B4006D8CEA /* MPFinanceSampleApp */;
			targetProxy = 21A1D9B9177F46B4006D8CEA /* PBXContainerItemProxy */;
		};
/* End PBXTargetDependency section */

/* Begin PBXVariantGroup section */
		21A1D99C177F46B4006D8CEA /* InfoPlist.strings */ = {
			isa = PBXVariantGroup;
			children = (
				21A1D99D177F46B4006D8CEA /* en */,
			);
			name = InfoPlist.strings;
			sourceTree = "<group>";
		};
		21A1D9A5177F46B4006D8CEA /* Main_iPhone.storyboard */ = {
			isa = PBXVariantGroup;
			children = (
				21A1D9A6177F46B4006D8CEA /* Base */,
			);
			name = Main_iPhone.storyboard;
			sourceTree = "<group>";
		};
		21A1D9A8177F46B4006D8CEA /* Main_iPad.storyboard */ = {
			isa = PBXVariantGroup;
			children = (
				21A1D9A9177F46B4006D8CEA /* Base */,
			);
			name = Main_iPad.storyboard;
			sourceTree = "<group>";
		};
		21A1D9BE177F46B4006D8CEA /* InfoPlist.strings */ = {
			isa = PBXVariantGroup;
			children = (
				21A1D9BF177F46B4006D8CEA /* en */,
			);
			name = InfoPlist.strings;
			sourceTree = "<group>";
		};
/* End PBXVariantGroup section */

/* Begin XCBuildConfiguration section */
		21A1D9C3177F46B4006D8CEA /* Debug */ = {
			isa = XCBuildConfiguration;
			buildSettings = {
				ALWAYS_SEARCH_USER_PATHS = NO;
				CLANG_CXX_LANGUAGE_STANDARD = "gnu++0x";
				CLANG_CXX_LIBRARY = "libc++";
				CLANG_ENABLE_MODULES = YES;
				CLANG_ENABLE_OBJC_ARC = YES;
				CLANG_WARN_BOOL_CONVERSION = YES;
				CLANG_WARN_CONSTANT_CONVERSION = YES;
				CLANG_WARN_DIRECT_OBJC_ISA_USAGE = YES_ERROR;
				CLANG_WARN_EMPTY_BODY = YES;
				CLANG_WARN_ENUM_CONVERSION = YES;
				CLANG_WARN_INT_CONVERSION = YES;
				CLANG_WARN_OBJC_ROOT_CLASS = YES_ERROR;
				CLANG_WARN__DUPLICATE_METHOD_MATCH = YES;
				"CODE_SIGN_IDENTITY[sdk=iphoneos*]" = "iPhone Developer";
				COPY_PHASE_STRIP = NO;
				GCC_C_LANGUAGE_STANDARD = gnu99;
				GCC_DYNAMIC_NO_PIC = NO;
				GCC_OPTIMIZATION_LEVEL = 0;
				GCC_PREPROCESSOR_DEFINITIONS = (
					"DEBUG=1",
					"$(inherited)",
				);
				GCC_SYMBOLS_PRIVATE_EXTERN = NO;
				GCC_WARN_ABOUT_RETURN_TYPE = YES_ERROR;
				GCC_WARN_UNDECLARED_SELECTOR = YES;
				GCC_WARN_UNINITIALIZED_AUTOS = YES;
				GCC_WARN_UNUSED_FUNCTION = YES;
				GCC_WARN_UNUSED_VARIABLE = YES;
				IPHONEOS_DEPLOYMENT_TARGET = 7.0;
				ONLY_ACTIVE_ARCH = YES;
				SDKROOT = iphoneos;
				TARGETED_DEVICE_FAMILY = "1,2";
			};
			name = Debug;
		};
		21A1D9C4177F46B4006D8CEA /* Release */ = {
			isa = XCBuildConfiguration;
			buildSettings = {
				ALWAYS_SEARCH_USER_PATHS = NO;
				CLANG_CXX_LANGUAGE_STANDARD = "gnu++0x";
				CLANG_CXX_LIBRARY = "libc++";
				CLANG_ENABLE_MODULES = YES;
				CLANG_ENABLE_OBJC_ARC = YES;
				CLANG_WARN_BOOL_CONVERSION = YES;
				CLANG_WARN_CONSTANT_CONVERSION = YES;
				CLANG_WARN_DIRECT_OBJC_ISA_USAGE = YES_ERROR;
				CLANG_WARN_EMPTY_BODY = YES;
				CLANG_WARN_ENUM_CONVERSION = YES;
				CLANG_WARN_INT_CONVERSION = YES;
				CLANG_WARN_OBJC_ROOT_CLASS = YES_ERROR;
				CLANG_WARN__DUPLICATE_METHOD_MATCH = YES;
				"CODE_SIGN_IDENTITY[sdk=iphoneos*]" = "iPhone Developer";
				COPY_PHASE_STRIP = YES;
				ENABLE_NS_ASSERTIONS = NO;
				GCC_C_LANGUAGE_STANDARD = gnu99;
				GCC_WARN_ABOUT_RETURN_TYPE = YES_ERROR;
				GCC_WARN_UNDECLARED_SELECTOR = YES;
				GCC_WARN_UNINITIALIZED_AUTOS = YES;
				GCC_WARN_UNUSED_FUNCTION = YES;
				GCC_WARN_UNUSED_VARIABLE = YES;
				IPHONEOS_DEPLOYMENT_TARGET = 7.0;
				SDKROOT = iphoneos;
				TARGETED_DEVICE_FAMILY = "1,2";
				VALIDATE_PRODUCT = YES;
			};
			name = Release;
		};
		21A1D9C6177F46B4006D8CEA /* Debug */ = {
			isa = XCBuildConfiguration;
			buildSettings = {
				ASSETCATALOG_COMPILER_APPICON_NAME = AppIcon;
				ASSETCATALOG_COMPILER_LAUNCHIMAGE_NAME = LaunchImage;
				GCC_PRECOMPILE_PREFIX_HEADER = YES;
				GCC_PREFIX_HEADER = "MPFinanceSampleApp/MPFinanceSampleApp-Prefix.pch";
				INFOPLIST_FILE = "MPFinanceSampleApp/MPFinanceSampleApp-Info.plist";
				PRODUCT_NAME = "$(TARGET_NAME)";
				WRAPPER_EXTENSION = app;
			};
			name = Debug;
		};
		21A1D9C7177F46B4006D8CEA /* Release */ = {
			isa = XCBuildConfiguration;
			buildSettings = {
				ASSETCATALOG_COMPILER_APPICON_NAME = AppIcon;
				ASSETCATALOG_COMPILER_LAUNCHIMAGE_NAME = LaunchImage;
				GCC_PRECOMPILE_PREFIX_HEADER = YES;
				GCC_PREFIX_HEADER = "MPFinanceSampleApp/MPFinanceSampleApp-Prefix.pch";
				INFOPLIST_FILE = "MPFinanceSampleApp/MPFinanceSampleApp-Info.plist";
				PRODUCT_NAME = "$(TARGET_NAME)";
				WRAPPER_EXTENSION = app;
			};
			name = Release;
		};
		21A1D9C9177F46B4006D8CEA /* Debug */ = {
			isa = XCBuildConfiguration;
			buildSettings = {
				BUNDLE_LOADER = "$(BUILT_PRODUCTS_DIR)/MPFinanceSampleApp.app/MPFinanceSampleApp";
				FRAMEWORK_SEARCH_PATHS = (
					"$(SDKROOT)/Developer/Library/Frameworks",
					"$(inherited)",
					"$(SYSTEM_APPS_DIR)/Xcode5-DP.app/Contents/Developer/Library/Frameworks",
				);
				GCC_PRECOMPILE_PREFIX_HEADER = YES;
				GCC_PREFIX_HEADER = "MPFinanceSampleApp/MPFinanceSampleApp-Prefix.pch";
				GCC_PREPROCESSOR_DEFINITIONS = (
					"DEBUG=1",
					"$(inherited)",
				);
				INFOPLIST_FILE = "MPFinanceSampleAppTests/MPFinanceSampleAppTests-Info.plist";
				PRODUCT_NAME = "$(TARGET_NAME)";
				TEST_HOST = "$(BUNDLE_LOADER)";
				WRAPPER_EXTENSION = xctest;
			};
			name = Debug;
		};
		21A1D9CA177F46B4006D8CEA /* Release */ = {
			isa = XCBuildConfiguration;
			buildSettings = {
				BUNDLE_LOADER = "$(BUILT_PRODUCTS_DIR)/MPFinanceSampleApp.app/MPFinanceSampleApp";
				FRAMEWORK_SEARCH_PATHS = (
					"$(SDKROOT)/Developer/Library/Frameworks",
					"$(inherited)",
					"$(SYSTEM_APPS_DIR)/Xcode5-DP.app/Contents/Developer/Library/Frameworks",
				);
				GCC_PRECOMPILE_PREFIX_HEADER = YES;
				GCC_PREFIX_HEADER = "MPFinanceSampleApp/MPFinanceSampleApp-Prefix.pch";
				INFOPLIST_FILE = "MPFinanceSampleAppTests/MPFinanceSampleAppTests-Info.plist";
				PRODUCT_NAME = "$(TARGET_NAME)";
				TEST_HOST = "$(BUNDLE_LOADER)";
				WRAPPER_EXTENSION = xctest;
			};
			name = Release;
		};
/* End XCBuildConfiguration section */

/* Begin XCConfigurationList section */
		21A1D98B177F46B4006D8CEA /* Build configuration list for PBXProject "MPFinanceSampleApp" */ = {
			isa = XCConfigurationList;
			buildConfigurations = (
				21A1D9C3177F46B4006D8CEA /* Debug */,
				21A1D9C4177F46B4006D8CEA /* Release */,
			);
			defaultConfigurationIsVisible = 0;
			defaultConfigurationName = Release;
		};
		21A1D9C5177F46B4006D8CEA /* Build configuration list for PBXNativeTarget "MPFinanceSampleApp" */ = {
			isa = XCConfigurationList;
			buildConfigurations = (
				21A1D9C6177F46B4006D8CEA /* Debug */,
				21A1D9C7177F46B4006D8CEA /* Release */,
			);
			defaultConfigurationIsVisible = 0;
		};
		21A1D9C8177F46B4006D8CEA /* Build configuration list for PBXNativeTarget "MPFinanceSampleAppTests" */ = {
			isa = XCConfigurationList;
			buildConfigurations = (
				21A1D9C9177F46B4006D8CEA /* Debug */,
				21A1D9CA177F46B4006D8CEA /* Release */,
			);
			defaultConfigurationIsVisible = 0;
		};
/* End XCConfigurationList section */
	};
	rootObject = 21A1D988177F46B4006D8CEA /* Project object */;
}
